
Microsoft Visual Studio Solution File, Format Version 12.00
# Visual Studio Version 17
VisualStudioVersion = 17.6.33815.320
MinimumVisualStudioVersion = 10.0.40219.1
Project("{FAE04EC0-301F-11D3-BF4B-00C04F79EFBC}") = "StolenBlog", "StolenBlog\StolenBlog.csproj", "{DE6D147D-9618-4D97-84BE-2CD3EB2A8B6F}"
EndProject
Project("{FAE04EC0-301F-11D3-BF4B-00C04F79EFBC}") = "StolenBlog.Models", "StolenBlog.Models\StolenBlog.Models.csproj", "{4F0EC54B-966A-4100-98D9-B65C159FE30B}"
EndProject
Project("{FAE04EC0-301F-11D3-BF4B-00C04F79EFBC}") = "StolenBlog.API", "StolenBlog.API\StolenBlog.API.csproj", "{A4D082E7-1F78-4BAA-A496-A82BE9648D72}"
EndProject
Global
	GlobalSection(SolutionConfigurationPlatforms) = preSolution
		Debug|Any CPU = Debug|Any CPU
		Release|Any CPU = Release|Any CPU
	EndGlobalSection
	GlobalSection(ProjectConfigurationPlatforms) = postSolution
		{DE6D147D-9618-4D97-84BE-2CD3EB2A8B6F}.Debug|Any CPU.ActiveCfg = Debug|Any CPU
		{DE6D147D-9618-4D97-84BE-2CD3EB2A8B6F}.Debug|Any CPU.Build.0 = Debug|Any CPU
		{DE6D147D-9618-4D97-84BE-2CD3EB2A8B6F}.Release|Any CPU.ActiveCfg = Release|Any CPU
		{DE6D147D-9618-4D97-84BE-2CD3EB2A8B6F}.Release|Any CPU.Build.0 = Release|Any CPU
		{4F0EC54B-966A-4100-98D9-B65C159FE30B}.Debug|Any CPU.ActiveCfg = Debug|Any CPU
		{4F0EC54B-966A-4100-98D9-B65C159FE30B}.Debug|Any CPU.Build.0 = Debug|Any CPU
		{4F0EC54B-966A-4100-98D9-B65C159FE30B}.Release|Any CPU.ActiveCfg = Release|Any CPU
		{4F0EC54B-966A-4100-98D9-B65C159FE30B}.Release|Any CPU.Build.0 = Release|Any CPU
		{A4D082E7-1F78-4BAA-A496-A82BE9648D72}.Debug|Any CPU.ActiveCfg = Debug|Any CPU
		{A4D082E7-1F78-4BAA-A496-A82BE9648D72}.Debug|Any CPU.Build.0 = Debug|Any CPU
		{A4D082E7-1F78-4BAA-A496-A82BE9648D72}.Release|Any CPU.ActiveCfg = Release|Any CPU
		{A4D082E7-1F78-4BAA-A496-A82BE9648D72}.Release|Any CPU.Build.0 = Release|Any CPU
	EndGlobalSection
	GlobalSection(SolutionProperties) = preSolution
		HideSolutionNode = FALSE
	EndGlobalSection
	GlobalSection(ExtensibilityGlobals) = postSolution
		SolutionGuid = {0692FE76-9312-40AA-81F1-BCAF427F003F}
	EndGlobalSection
EndGlobal
