
Microsoft Visual Studio Solution File, Format Version 12.00
# Visual Studio Version 17
VisualStudioVersion = 17.6.33815.320
MinimumVisualStudioVersion = 10.0.40219.1
Project("{FAE04EC0-301F-11D3-BF4B-00C04F79EFBC}") = "StolenBlog", "StolenBlog.csproj", "{9F52B3E1-2706-4D14-925C-89A5D1CE831D}"
EndProject
Project("{FAE04EC0-301F-11D3-BF4B-00C04F79EFBC}") = "StolenBlog.Models", "..\StolenBlog.Models\StolenBlog.Models.csproj", "{6AD24E36-DC3F-4FF1-A4E7-09BC52FC2C17}"
EndProject
Project("{FAE04EC0-301F-11D3-BF4B-00C04F79EFBC}") = "StolenBlog.API", "..\StolenBlog.API\StolenBlog.API.csproj", "{370378E8-1AA6-4889-B915-6BA4E2F44D45}"
EndProject
Global
	GlobalSection(SolutionConfigurationPlatforms) = preSolution
		Debug|Any CPU = Debug|Any CPU
		Release|Any CPU = Release|Any CPU
	EndGlobalSection
	GlobalSection(ProjectConfigurationPlatforms) = postSolution
		{9F52B3E1-2706-4D14-925C-89A5D1CE831D}.Debug|Any CPU.ActiveCfg = Debug|Any CPU
		{9F52B3E1-2706-4D14-925C-89A5D1CE831D}.Debug|Any CPU.Build.0 = Debug|Any CPU
		{9F52B3E1-2706-4D14-925C-89A5D1CE831D}.Release|Any CPU.ActiveCfg = Release|Any CPU
		{9F52B3E1-2706-4D14-925C-89A5D1CE831D}.Release|Any CPU.Build.0 = Release|Any CPU
		{6AD24E36-DC3F-4FF1-A4E7-09BC52FC2C17}.Debug|Any CPU.ActiveCfg = Debug|Any CPU
		{6AD24E36-DC3F-4FF1-A4E7-09BC52FC2C17}.Debug|Any CPU.Build.0 = Debug|Any CPU
		{6AD24E36-DC3F-4FF1-A4E7-09BC52FC2C17}.Release|Any CPU.ActiveCfg = Release|Any CPU
		{6AD24E36-DC3F-4FF1-A4E7-09BC52FC2C17}.Release|Any CPU.Build.0 = Release|Any CPU
		{370378E8-1AA6-4889-B915-6BA4E2F44D45}.Debug|Any CPU.ActiveCfg = Debug|Any CPU
		{370378E8-1AA6-4889-B915-6BA4E2F44D45}.Debug|Any CPU.Build.0 = Debug|Any CPU
		{370378E8-1AA6-4889-B915-6BA4E2F44D45}.Release|Any CPU.ActiveCfg = Release|Any CPU
		{370378E8-1AA6-4889-B915-6BA4E2F44D45}.Release|Any CPU.Build.0 = Release|Any CPU
	EndGlobalSection
	GlobalSection(SolutionProperties) = preSolution
		HideSolutionNode = FALSE
	EndGlobalSection
	GlobalSection(ExtensibilityGlobals) = postSolution
		SolutionGuid = {591429CC-563C-4FFF-9B48-624B6DE4E235}
	EndGlobalSection
EndGlobal
